
Microsoft Visual Studio Solution File, Format Version 12.00
# Visual Studio 15
VisualStudioVersion = 15.0.27130.2020
MinimumVisualStudioVersion = 10.0.40219.1
Project("{FAE04EC0-301F-11D3-BF4B-00C04F79EFBC}") = "P3", "PseudoPopParser\P3.csproj", "{30E65569-5B04-42F5-A575-88D964DEB17C}"
EndProject
Global
	GlobalSection(SolutionConfigurationPlatforms) = preSolution
		Debug|Any CPU = Debug|Any CPU
		Release|Any CPU = Release|Any CPU
	EndGlobalSection
	GlobalSection(ProjectConfigurationPlatforms) = postSolution
		{30E65569-5B04-42F5-A575-88D964DEB17C}.Debug|Any CPU.ActiveCfg = Debug|Any CPU
		{30E65569-5B04-42F5-A575-88D964DEB17C}.Debug|Any CPU.Build.0 = Debug|Any CPU
		{30E65569-5B04-42F5-A575-88D964DEB17C}.Release|Any CPU.ActiveCfg = Release|Any CPU
		{30E65569-5B04-42F5-A575-88D964DEB17C}.Release|Any CPU.Build.0 = Release|Any CPU
	EndGlobalSection
	GlobalSection(SolutionProperties) = preSolution
		HideSolutionNode = FALSE
	EndGlobalSection
	GlobalSection(ExtensibilityGlobals) = postSolution
		SolutionGuid = {1ED02DA0-13EE-4DF2-BF0D-79D46C491F66}
	EndGlobalSection
EndGlobal
